// !$*UTF8*$!
{
	archiveVersion = 1;
	classes = {
	};
	objectVersion = 46;
	objects = {

/* Begin PBXBuildFile section */
		F6DADA141F114EF4000BFC51 /* AppDelegate.swift in Sources */ = {isa = PBXBuildFile; fileRef = F6DADA131F114EF4000BFC51 /* AppDelegate.swift */; };
		F6DADA161F114EF4000BFC51 /* ViewController.swift in Sources */ = {isa = PBXBuildFile; fileRef = F6DADA151F114EF4000BFC51 /* ViewController.swift */; };
		F6DADA191F114EF4000BFC51 /* Main.storyboard in Resources */ = {isa = PBXBuildFile; fileRef = F6DADA171F114EF4000BFC51 /* Main.storyboard */; };
		F6DADA1B1F114EF4000BFC51 /* Assets.xcassets in Resources */ = {isa = PBXBuildFile; fileRef = F6DADA1A1F114EF4000BFC51 /* Assets.xcassets */; };
		F6DADA1E1F114EF4000BFC51 /* LaunchScreen.storyboard in Resources */ = {isa = PBXBuildFile; fileRef = F6DADA1C1F114EF4000BFC51 /* LaunchScreen.storyboard */; };
		F6DADA291F115946000BFC51 /* CircleButton.swift in Sources */ = {isa = PBXBuildFile; fileRef = F6DADA281F115946000BFC51 /* CircleButton.swift */; };
		F6DADA2B1F115D41000BFC51 /* test.m4a in Resources */ = {isa = PBXBuildFile; fileRef = F6DADA2A1F115D41000BFC51 /* test.m4a */; };
/* End PBXBuildFile section */

/* Begin PBXFileReference section */
		F6DADA101F114EF4000BFC51 /* Scribe.app */ = {isa = PBXFileReference; explicitFileType = wrapper.application; includeInIndex = 0; path = Scribe.app; sourceTree = BUILT_PRODUCTS_DIR; };
		F6DADA131F114EF4000BFC51 /* AppDelegate.swift */ = {isa = PBXFileReference; lastKnownFileType = sourcecode.swift; path = AppDelegate.swift; sourceTree = "<group>"; };
		F6DADA151F114EF4000BFC51 /* ViewController.swift */ = {isa = PBXFileReference; lastKnownFileType = sourcecode.swift; path = ViewController.swift; sourceTree = "<group>"; };
		F6DADA181F114EF4000BFC51 /* Base */ = {isa = PBXFileReference; lastKnownFileType = file.storyboard; name = Base; path = Base.lproj/Main.storyboard; sourceTree = "<group>"; };
		F6DADA1A1F114EF4000BFC51 /* Assets.xcassets */ = {isa = PBXFileReference; lastKnownFileType = folder.assetcatalog; path = Assets.xcassets; sourceTree = "<group>"; };
		F6DADA1D1F114EF4000BFC51 /* Base */ = {isa = PBXFileReference; lastKnownFileType = file.storyboard; name = Base; path = Base.lproj/LaunchScreen.storyboard; sourceTree = "<group>"; };
		F6DADA1F1F114EF4000BFC51 /* Info.plist */ = {isa = PBXFileReference; lastKnownFileType = text.plist.xml; path = Info.plist; sourceTree = "<group>"; };
		F6DADA281F115946000BFC51 /* CircleButton.swift */ = {isa = PBXFileReference; fileEncoding = 4; lastKnownFileType = sourcecode.swift; path = CircleButton.swift; sourceTree = "<group>"; };
		F6DADA2A1F115D41000BFC51 /* test.m4a */ = {isa = PBXFileReference; lastKnownFileType = file; path = test.m4a; sourceTree = "<group>"; };
/* End PBXFileReference section */

/* Begin PBXFrameworksBuildPhase section */
		F6DADA0D1F114EF4000BFC51 /* Frameworks */ = {
			isa = PBXFrameworksBuildPhase;
			buildActionMask = 2147483647;
			files = (
			);
			runOnlyForDeploymentPostprocessing = 0;
		};
/* End PBXFrameworksBuildPhase section */

/* Begin PBXGroup section */
		F6DADA071F114EF4000BFC51 = {
			isa = PBXGroup;
			children = (
				F6DADA121F114EF4000BFC51 /* Scribe */,
				F6DADA111F114EF4000BFC51 /* Products */,
			);
			sourceTree = "<group>";
		};
		F6DADA111F114EF4000BFC51 /* Products */ = {
			isa = PBXGroup;
			children = (
				F6DADA101F114EF4000BFC51 /* Scribe.app */,
			);
			name = Products;
			sourceTree = "<group>";
		};
		F6DADA121F114EF4000BFC51 /* Scribe */ = {
			isa = PBXGroup;
			children = (
				F6DADA2C1F115D48000BFC51 /* Resources */,
				F6DADA251F115905000BFC51 /* Model */,
				F6DADA261F11590D000BFC51 /* View */,
				F6DADA271F115912000BFC51 /* Controller */,
				F6DADA131F114EF4000BFC51 /* AppDelegate.swift */,
				F6DADA171F114EF4000BFC51 /* Main.storyboard */,
				F6DADA1A1F114EF4000BFC51 /* Assets.xcassets */,
				F6DADA1C1F114EF4000BFC51 /* LaunchScreen.storyboard */,
				F6DADA1F1F114EF4000BFC51 /* Info.plist */,
			);
			path = Scribe;
			sourceTree = "<group>";
		};
		F6DADA251F115905000BFC51 /* Model */ = {
			isa = PBXGroup;
			children = (
			);
			name = Model;
			sourceTree = "<group>";
		};
		F6DADA261F11590D000BFC51 /* View */ = {
			isa = PBXGroup;
			children = (
				F6DADA281F115946000BFC51 /* CircleButton.swift */,
			);
			name = View;
			sourceTree = "<group>";
		};
		F6DADA271F115912000BFC51 /* Controller */ = {
			isa = PBXGroup;
			children = (
				F6DADA151F114EF4000BFC51 /* ViewController.swift */,
			);
			name = Controller;
			sourceTree = "<group>";
		};
		F6DADA2C1F115D48000BFC51 /* Resources */ = {
			isa = PBXGroup;
			children = (
				F6DADA2A1F115D41000BFC51 /* test.m4a */,
			);
			name = Resources;
			sourceTree = "<group>";
		};
/* End PBXGroup section */

/* Begin PBXNativeTarget section */
		F6DADA0F1F114EF4000BFC51 /* Scribe */ = {
			isa = PBXNativeTarget;
			buildConfigurationList = F6DADA221F114EF4000BFC51 /* Build configuration list for PBXNativeTarget "Scribe" */;
			buildPhases = (
				F6DADA0C1F114EF4000BFC51 /* Sources */,
				F6DADA0D1F114EF4000BFC51 /* Frameworks */,
				F6DADA0E1F114EF4000BFC51 /* Resources */,
			);
			buildRules = (
			);
			dependencies = (
			);
			name = Scribe;
			productName = Scribe;
			productReference = F6DADA101F114EF4000BFC51 /* Scribe.app */;
			productType = "com.apple.product-type.application";
		};
/* End PBXNativeTarget section */

/* Begin PBXProject section */
		F6DADA081F114EF4000BFC51 /* Project object */ = {
			isa = PBXProject;
			attributes = {
				LastSwiftUpdateCheck = 0830;
				LastUpgradeCheck = 0830;
				ORGANIZATIONNAME = "Ricardo Herrera Petit";
				TargetAttributes = {
					F6DADA0F1F114EF4000BFC51 = {
						CreatedOnToolsVersion = 8.3.2;
						DevelopmentTeam = AMLYNCKP6M;
						ProvisioningStyle = Automatic;
					};
				};
			};
			buildConfigurationList = F6DADA0B1F114EF4000BFC51 /* Build configuration list for PBXProject "Scribe" */;
			compatibilityVersion = "Xcode 3.2";
			developmentRegion = English;
			hasScannedForEncodings = 0;
			knownRegions = (
				en,
				Base,
			);
			mainGroup = F6DADA071F114EF4000BFC51;
			productRefGroup = F6DADA111F114EF4000BFC51 /* Products */;
			projectDirPath = "";
			projectRoot = "";
			targets = (
				F6DADA0F1F114EF4000BFC51 /* Scribe */,
			);
		};
/* End PBXProject section */

/* Begin PBXResourcesBuildPhase section */
		F6DADA0E1F114EF4000BFC51 /* Resources */ = {
			isa = PBXResourcesBuildPhase;
			buildActionMask = 2147483647;
			files = (
				F6DADA2B1F115D41000BFC51 /* test.m4a in Resources */,
				F6DADA1E1F114EF4000BFC51 /* LaunchScreen.storyboard in Resources */,
				F6DADA1B1F114EF4000BFC51 /* Assets.xcassets in Resources */,
				F6DADA191F114EF4000BFC51 /* Main.storyboard in Resources */,
			);
			runOnlyForDeploymentPostprocessing = 0;
		};
/* End PBXResourcesBuildPhase section */

/* Begin PBXSourcesBuildPhase section */
		F6DADA0C1F114EF4000BFC51 /* Sources */ = {
			isa = PBXSourcesBuildPhase;
			buildActionMask = 2147483647;
			files = (
				F6DADA291F115946000BFC51 /* CircleButton.swift in Sources */,
				F6DADA161F114EF4000BFC51 /* ViewController.swift in Sources */,
				F6DADA141F114EF4000BFC51 /* AppDelegate.swift in Sources */,
			);
			runOnlyForDeploymentPostprocessing = 0;
		};
/* End PBXSourcesBuildPhase section */

/* Begin PBXVariantGroup section */
		F6DADA171F114EF4000BFC51 /* Main.storyboard */ = {
			isa = PBXVariantGroup;
			children = (
				F6DADA181F114EF4000BFC51 /* Base */,
			);
			name = Main.storyboard;
			sourceTree = "<group>";
		};
		F6DADA1C1F114EF4000BFC51 /* LaunchScreen.storyboard */ = {
			isa = PBXVariantGroup;
			children = (
				F6DADA1D1F114EF4000BFC51 /* Base */,
			);
			name = LaunchScreen.storyboard;
			sourceTree = "<group>";
		};
/* End PBXVariantGroup section */

/* Begin XCBuildConfiguration section */
		F6DADA201F114EF4000BFC51 /* Debug */ = {
			isa = XCBuildConfiguration;
			buildSettings = {
				ALWAYS_SEARCH_USER_PATHS = NO;
				CLANG_ANALYZER_NONNULL = YES;
				CLANG_ANALYZER_NUMBER_OBJECT_CONVERSION = YES_AGGRESSIVE;
				CLANG_CXX_LANGUAGE_STANDARD = "gnu++0x";
				CLANG_CXX_LIBRARY = "libc++";
				CLANG_ENABLE_MODULES = YES;
				CLANG_ENABLE_OBJC_ARC = YES;
				CLANG_WARN_BOOL_CONVERSION = YES;
				CLANG_WARN_CONSTANT_CONVERSION = YES;
				CLANG_WARN_DIRECT_OBJC_ISA_USAGE = YES_ERROR;
				CLANG_WARN_DOCUMENTATION_COMMENTS = YES;
				CLANG_WARN_EMPTY_BODY = YES;
				CLANG_WARN_ENUM_CONVERSION = YES;
				CLANG_WARN_INFINITE_RECURSION = YES;
				CLANG_WARN_INT_CONVERSION = YES;
				CLANG_WARN_OBJC_ROOT_CLASS = YES_ERROR;
				CLANG_WARN_SUSPICIOUS_MOVE = YES;
				CLANG_WARN_UNREACHABLE_CODE = YES;
				CLANG_WARN__DUPLICATE_METHOD_MATCH = YES;
				"CODE_SIGN_IDENTITY[sdk=iphoneos*]" = "iPhone Developer";
				COPY_PHASE_STRIP = NO;
				DEBUG_INFORMATION_FORMAT = dwarf;
				ENABLE_STRICT_OBJC_MSGSEND = YES;
				ENABLE_TESTABILITY = YES;
				GCC_C_LANGUAGE_STANDARD = gnu99;
				GCC_DYNAMIC_NO_PIC = NO;
				GCC_NO_COMMON_BLOCKS = YES;
				GCC_OPTIMIZATION_LEVEL = 0;
				GCC_PREPROCESSOR_DEFINITIONS = (
					"DEBUG=1",
					"$(inherited)",
				);
				GCC_WARN_64_TO_32_BIT_CONVERSION = YES;
				GCC_WARN_ABOUT_RETURN_TYPE = YES_ERROR;
				GCC_WARN_UNDECLARED_SELECTOR = YES;
				GCC_WARN_UNINITIALIZED_AUTOS = YES_AGGRESSIVE;
				GCC_WARN_UNUSED_FUNCTION = YES;
				GCC_WARN_UNUSED_VARIABLE = YES;
				IPHONEOS_DEPLOYMENT_TARGET = 10.3;
				MTL_ENABLE_DEBUG_INFO = YES;
				ONLY_ACTIVE_ARCH = YES;
				SDKROOT = iphoneos;
				SWIFT_ACTIVE_COMPILATION_CONDITIONS = DEBUG;
				SWIFT_OPTIMIZATION_LEVEL = "-Onone";
			};
			name = Debug;
		};
		F6DADA211F114EF4000BFC51 /* Release */ = {
			isa = XCBuildConfiguration;
			buildSettings = {
				ALWAYS_SEARCH_USER_PATHS = NO;
				CLANG_ANALYZER_NONNULL = YES;
				CLANG_ANALYZER_NUMBER_OBJECT_CONVERSION = YES_AGGRESSIVE;
				CLANG_CXX_LANGUAGE_STANDARD = "gnu++0x";
				CLANG_CXX_LIBRARY = "libc++";
				CLANG_ENABLE_MODULES = YES;
				CLANG_ENABLE_OBJC_ARC = YES;
				CLANG_WARN_BOOL_CONVERSION = YES;
				CLANG_WARN_CONSTANT_CONVERSION = YES;
				CLANG_WARN_DIRECT_OBJC_ISA_USAGE = YES_ERROR;
				CLANG_WARN_DOCUMENTATION_COMMENTS = YES;
				CLANG_WARN_EMPTY_BODY = YES;
				CLANG_WARN_ENUM_CONVERSION = YES;
				CLANG_WARN_INFINITE_RECURSION = YES;
				CLANG_WARN_INT_CONVERSION = YES;
				CLANG_WARN_OBJC_ROOT_CLASS = YES_ERROR;
				CLANG_WARN_SUSPICIOUS_MOVE = YES;
				CLANG_WARN_UNREACHABLE_CODE = YES;
				CLANG_WARN__DUPLICATE_METHOD_MATCH = YES;
				"CODE_SIGN_IDENTITY[sdk=iphoneos*]" = "iPhone Developer";
				COPY_PHASE_STRIP = NO;
				DEBUG_INFORMATION_FORMAT = "dwarf-with-dsym";
				ENABLE_NS_ASSERTIONS = NO;
				ENABLE_STRICT_OBJC_MSGSEND = YES;
				GCC_C_LANGUAGE_STANDARD = gnu99;
				GCC_NO_COMMON_BLOCKS = YES;
				GCC_WARN_64_TO_32_BIT_CONVERSION = YES;
				GCC_WARN_ABOUT_RETURN_TYPE = YES_ERROR;
				GCC_WARN_UNDECLARED_SELECTOR = YES;
				GCC_WARN_UNINITIALIZED_AUTOS = YES_AGGRESSIVE;
				GCC_WARN_UNUSED_FUNCTION = YES;
				GCC_WARN_UNUSED_VARIABLE = YES;
				IPHONEOS_DEPLOYMENT_TARGET = 10.3;
				MTL_ENABLE_DEBUG_INFO = NO;
				SDKROOT = iphoneos;
				SWIFT_OPTIMIZATION_LEVEL = "-Owholemodule";
				VALIDATE_PRODUCT = YES;
			};
			name = Release;
		};
		F6DADA231F114EF4000BFC51 /* Debug */ = {
			isa = XCBuildConfiguration;
			buildSettings = {
				ASSETCATALOG_COMPILER_APPICON_NAME = AppIcon;
				DEVELOPMENT_TEAM = AMLYNCKP6M;
				INFOPLIST_FILE = Scribe/Info.plist;
				LD_RUNPATH_SEARCH_PATHS = "$(inherited) @executable_path/Frameworks";
				PRODUCT_BUNDLE_IDENTIFIER = petitcoding.rhp.Scribe;
				PRODUCT_NAME = "$(TARGET_NAME)";
				SWIFT_VERSION = 3.0;
			};
			name = Debug;
		};
		F6DADA241F114EF4000BFC51 /* Release */ = {
			isa = XCBuildConfiguration;
			buildSettings = {
				ASSETCATALOG_COMPILER_APPICON_NAME = AppIcon;
				DEVELOPMENT_TEAM = AMLYNCKP6M;
				INFOPLIST_FILE = Scribe/Info.plist;
				LD_RUNPATH_SEARCH_PATHS = "$(inherited) @executable_path/Frameworks";
				PRODUCT_BUNDLE_IDENTIFIER = petitcoding.rhp.Scribe;
				PRODUCT_NAME = "$(TARGET_NAME)";
				SWIFT_VERSION = 3.0;
			};
			name = Release;
		};
/* End XCBuildConfiguration section */

/* Begin XCConfigurationList section */
		F6DADA0B1F114EF4000BFC51 /* Build configuration list for PBXProject "Scribe" */ = {
			isa = XCConfigurationList;
			buildConfigurations = (
				F6DADA201F114EF4000BFC51 /* Debug */,
				F6DADA211F114EF4000BFC51 /* Release */,
			);
			defaultConfigurationIsVisible = 0;
			defaultConfigurationName = Release;
		};
		F6DADA221F114EF4000BFC51 /* Build configuration list for PBXNativeTarget "Scribe" */ = {
			isa = XCConfigurationList;
			buildConfigurations = (
				F6DADA231F114EF4000BFC51 /* Debug */,
				F6DADA241F114EF4000BFC51 /* Release */,
			);
			defaultConfigurationIsVisible = 0;
		};
/* End XCConfigurationList section */
	};
	rootObject = F6DADA081F114EF4000BFC51 /* Project object */;
}
